// !$*UTF8*$!
{
	archiveVersion = 1;
	classes = {
	};
	objectVersion = 52;
	objects = {

/* Begin PBXBuildFile section */
		830BD15026EBF0490032A65E /* firestore_demo_spmApp.swift in Sources */ = {isa = PBXBuildFile; fileRef = 830BD14F26EBF0490032A65E /* firestore_demo_spmApp.swift */; };
		830BD15226EBF0490032A65E /* ContentView.swift in Sources */ = {isa = PBXBuildFile; fileRef = 830BD15126EBF0490032A65E /* ContentView.swift */; };
		830BD15426EBF04A0032A65E /* Assets.xcassets in Resources */ = {isa = PBXBuildFile; fileRef = 830BD15326EBF04A0032A65E /* Assets.xcassets */; };
		830BD15726EBF04A0032A65E /* Preview Assets.xcassets in Resources */ = {isa = PBXBuildFile; fileRef = 830BD15626EBF04A0032A65E /* Preview Assets.xcassets */; };
		830BD16226EBF5D00032A65E /* FirebaseFirestore in Frameworks */ = {isa = PBXBuildFile; productRef = 830BD16126EBF5D00032A65E /* FirebaseFirestore */; };
		830BD16726F3BCE90032A65E /* GoogleService-Info.plist in Resources */ = {isa = PBXBuildFile; fileRef = 830BD16626F3BCE90032A65E /* GoogleService-Info.plist */; };
		830BD16926F3C1990032A65E /* ViewModel.swift in Sources */ = {isa = PBXBuildFile; fileRef = 830BD16826F3C1990032A65E /* ViewModel.swift */; };
		830BD1A826F516970032A65E /* Todo.swift in Sources */ = {isa = PBXBuildFile; fileRef = 830BD1A726F516970032A65E /* Todo.swift */; };
/* End PBXBuildFile section */

/* Begin PBXFileReference section */
		830BD14C26EBF0490032A65E /* firestore-demo-spm.app */ = {isa = PBXFileReference; explicitFileType = wrapper.application; includeInIndex = 0; path = "firestore-demo-spm.app"; sourceTree = BUILT_PRODUCTS_DIR; };
		830BD14F26EBF0490032A65E /* firestore_demo_spmApp.swift */ = {isa = PBXFileReference; lastKnownFileType = sourcecode.swift; path = firestore_demo_spmApp.swift; sourceTree = "<group>"; };
		830BD15126EBF0490032A65E /* ContentView.swift */ = {isa = PBXFileReference; lastKnownFileType = sourcecode.swift; path = ContentView.swift; sourceTree = "<group>"; };
		830BD15326EBF04A0032A65E /* Assets.xcassets */ = {isa = PBXFileReference; lastKnownFileType = folder.assetcatalog; path = Assets.xcassets; sourceTree = "<group>"; };
		830BD15626EBF04A0032A65E /* Preview Assets.xcassets */ = {isa = PBXFileReference; lastKnownFileType = folder.assetcatalog; path = "Preview Assets.xcassets"; sourceTree = "<group>"; };
		830BD15826EBF04A0032A65E /* Info.plist */ = {isa = PBXFileReference; lastKnownFileType = text.plist.xml; path = Info.plist; sourceTree = "<group>"; };
		830BD16626F3BCE90032A65E /* GoogleService-Info.plist */ = {isa = PBXFileReference; fileEncoding = 4; lastKnownFileType = text.plist.xml; path = "GoogleService-Info.plist"; sourceTree = "<group>"; };
		830BD16826F3C1990032A65E /* ViewModel.swift */ = {isa = PBXFileReference; lastKnownFileType = sourcecode.swift; path = ViewModel.swift; sourceTree = "<group>"; };
		830BD1A726F516970032A65E /* Todo.swift */ = {isa = PBXFileReference; lastKnownFileType = sourcecode.swift; path = Todo.swift; sourceTree = "<group>"; };
/* End PBXFileReference section */

/* Begin PBXFrameworksBuildPhase section */
		830BD14926EBF0490032A65E /* Frameworks */ = {
			isa = PBXFrameworksBuildPhase;
			buildActionMask = 2147483647;
			files = (
				830BD16226EBF5D00032A65E /* FirebaseFirestore in Frameworks */,
			);
			runOnlyForDeploymentPostprocessing = 0;
		};
/* End PBXFrameworksBuildPhase section */

/* Begin PBXGroup section */
		830BD14326EBF0490032A65E = {
			isa = PBXGroup;
			children = (
				830BD14E26EBF0490032A65E /* firestore-demo-spm */,
				830BD14D26EBF0490032A65E /* Products */,
			);
			sourceTree = "<group>";
		};
		830BD14D26EBF0490032A65E /* Products */ = {
			isa = PBXGroup;
			children = (
				830BD14C26EBF0490032A65E /* firestore-demo-spm.app */,
			);
			name = Products;
			sourceTree = "<group>";
		};
		830BD14E26EBF0490032A65E /* firestore-demo-spm */ = {
			isa = PBXGroup;
			children = (
				830BD14F26EBF0490032A65E /* firestore_demo_spmApp.swift */,
				830BD16A26F3C7270032A65E /* Views */,
				830BD16B26F3C7300032A65E /* ViewModels */,
				830BD16C26F3C73E0032A65E /* Models */,
				830BD15326EBF04A0032A65E /* Assets.xcassets */,
				830BD15826EBF04A0032A65E /* Info.plist */,
				830BD16626F3BCE90032A65E /* GoogleService-Info.plist */,
				830BD15526EBF04A0032A65E /* Preview Content */,
			);
			path = "firestore-demo-spm";
			sourceTree = "<group>";
		};
		830BD15526EBF04A0032A65E /* Preview Content */ = {
			isa = PBXGroup;
			children = (
				830BD15626EBF04A0032A65E /* Preview Assets.xcassets */,
			);
			path = "Preview Content";
			sourceTree = "<group>";
		};
		830BD16A26F3C7270032A65E /* Views */ = {
			isa = PBXGroup;
			children = (
				830BD15126EBF0490032A65E /* ContentView.swift */,
			);
			path = Views;
			sourceTree = "<group>";
		};
		830BD16B26F3C7300032A65E /* ViewModels */ = {
			isa = PBXGroup;
			children = (
				830BD16826F3C1990032A65E /* ViewModel.swift */,
			);
			path = ViewModels;
			sourceTree = "<group>";
		};
		830BD16C26F3C73E0032A65E /* Models */ = {
			isa = PBXGroup;
			children = (
				830BD1A726F516970032A65E /* Todo.swift */,
			);
			path = Models;
			sourceTree = "<group>";
		};
/* End PBXGroup section */

/* Begin PBXNativeTarget section */
		830BD14B26EBF0490032A65E /* firestore-demo-spm */ = {
			isa = PBXNativeTarget;
			buildConfigurationList = 830BD15B26EBF04A0032A65E /* Build configuration list for PBXNativeTarget "firestore-demo-spm" */;
			buildPhases = (
				830BD14826EBF0490032A65E /* Sources */,
				830BD14926EBF0490032A65E /* Frameworks */,
				830BD14A26EBF0490032A65E /* Resources */,
			);
			buildRules = (
			);
			dependencies = (
			);
			name = "firestore-demo-spm";
			packageProductDependencies = (
				830BD16126EBF5D00032A65E /* FirebaseFirestore */,
			);
			productName = "firestore-demo-spm";
			productReference = 830BD14C26EBF0490032A65E /* firestore-demo-spm.app */;
			productType = "com.apple.product-type.application";
		};
/* End PBXNativeTarget section */

/* Begin PBXProject section */
		830BD14426EBF0490032A65E /* Project object */ = {
			isa = PBXProject;
			attributes = {
				LastSwiftUpdateCheck = 1250;
				LastUpgradeCheck = 1250;
				TargetAttributes = {
					830BD14B26EBF0490032A65E = {
						CreatedOnToolsVersion = 12.5.1;
					};
				};
			};
			buildConfigurationList = 830BD14726EBF0490032A65E /* Build configuration list for PBXProject "firestore-demo-spm" */;
			compatibilityVersion = "Xcode 9.3";
			developmentRegion = en;
			hasScannedForEncodings = 0;
			knownRegions = (
				en,
				Base,
			);
			mainGroup = 830BD14326EBF0490032A65E;
			packageReferences = (
				830BD16026EBF5D00032A65E /* XCRemoteSwiftPackageReference "firebase-ios-sdk" */,
			);
			productRefGroup = 830BD14D26EBF0490032A65E /* Products */;
			projectDirPath = "";
			projectRoot = "";
			targets = (
				830BD14B26EBF0490032A65E /* firestore-demo-spm */,
			);
		};
/* End PBXProject section */

/* Begin PBXResourcesBuildPhase section */
		830BD14A26EBF0490032A65E /* Resources */ = {
			isa = PBXResourcesBuildPhase;
			buildActionMask = 2147483647;
			files = (
				830BD15726EBF04A0032A65E /* Preview Assets.xcassets in Resources */,
				830BD15426EBF04A0032A65E /* Assets.xcassets in Resources */,
				830BD16726F3BCE90032A65E /* GoogleService-Info.plist in Resources */,
			);
			runOnlyForDeploymentPostprocessing = 0;
		};
/* End PBXResourcesBuildPhase section */

/* Begin PBXSourcesBuildPhase section */
		830BD14826EBF0490032A65E /* Sources */ = {
			isa = PBXSourcesBuildPhase;
			buildActionMask = 2147483647;
			files = (
				830BD15226EBF0490032A65E /* ContentView.swift in Sources */,
				830BD16926F3C1990032A65E /* ViewModel.swift in Sources */,
				830BD15026EBF0490032A65E /* firestore_demo_spmApp.swift in Sources */,
				830BD1A826F516970032A65E /* Todo.swift in Sources */,
			);
			runOnlyForDeploymentPostprocessing = 0;
		};
/* End PBXSourcesBuildPhase section */

/* Begin XCBuildConfiguration section */
		830BD15926EBF04A0032A65E /* Debug */ = {
			isa = XCBuildConfiguration;
			buildSettings = {
				ALWAYS_SEARCH_USER_PATHS = NO;
				CLANG_ANALYZER_NONNULL = YES;
				CLANG_ANALYZER_NUMBER_OBJECT_CONVERSION = YES_AGGRESSIVE;
				CLANG_CXX_LANGUAGE_STANDARD = "gnu++14";
				CLANG_CXX_LIBRARY = "libc++";
				CLANG_ENABLE_MODULES = YES;
				CLANG_ENABLE_OBJC_ARC = YES;
				CLANG_ENABLE_OBJC_WEAK = YES;
				CLANG_WARN_BLOCK_CAPTURE_AUTORELEASING = YES;
				CLANG_WARN_BOOL_CONVERSION = YES;
				CLANG_WARN_COMMA = YES;
				CLANG_WARN_CONSTANT_CONVERSION = YES;
				CLANG_WARN_DEPRECATED_OBJC_IMPLEMENTATIONS = YES;
				CLANG_WARN_DIRECT_OBJC_ISA_USAGE = YES_ERROR;
				CLANG_WARN_DOCUMENTATION_COMMENTS = YES;
				CLANG_WARN_EMPTY_BODY = YES;
				CLANG_WARN_ENUM_CONVERSION = YES;
				CLANG_WARN_INFINITE_RECURSION = YES;
				CLANG_WARN_INT_CONVERSION = YES;
				CLANG_WARN_NON_LITERAL_NULL_CONVERSION = YES;
				CLANG_WARN_OBJC_IMPLICIT_RETAIN_SELF = YES;
				CLANG_WARN_OBJC_LITERAL_CONVERSION = YES;
				CLANG_WARN_OBJC_ROOT_CLASS = YES_ERROR;
				CLANG_WARN_QUOTED_INCLUDE_IN_FRAMEWORK_HEADER = YES;
				CLANG_WARN_RANGE_LOOP_ANALYSIS = YES;
				CLANG_WARN_STRICT_PROTOTYPES = YES;
				CLANG_WARN_SUSPICIOUS_MOVE = YES;
				CLANG_WARN_UNGUARDED_AVAILABILITY = YES_AGGRESSIVE;
				CLANG_WARN_UNREACHABLE_CODE = YES;
				CLANG_WARN__DUPLICATE_METHOD_MATCH = YES;
				COPY_PHASE_STRIP = NO;
				DEBUG_INFORMATION_FORMAT = dwarf;
				ENABLE_STRICT_OBJC_MSGSEND = YES;
				ENABLE_TESTABILITY = YES;
				GCC_C_LANGUAGE_STANDARD = gnu11;
				GCC_DYNAMIC_NO_PIC = NO;
				GCC_NO_COMMON_BLOCKS = YES;
				GCC_OPTIMIZATION_LEVEL = 0;
				GCC_PREPROCESSOR_DEFINITIONS = (
					"DEBUG=1",
					"$(inherited)",
				);
				GCC_WARN_64_TO_32_BIT_CONVERSION = YES;
				GCC_WARN_ABOUT_RETURN_TYPE = YES_ERROR;
				GCC_WARN_UNDECLARED_SELECTOR = YES;
				GCC_WARN_UNINITIALIZED_AUTOS = YES_AGGRESSIVE;
				GCC_WARN_UNUSED_FUNCTION = YES;
				GCC_WARN_UNUSED_VARIABLE = YES;
				IPHONEOS_DEPLOYMENT_TARGET = 14.5;
				MTL_ENABLE_DEBUG_INFO = INCLUDE_SOURCE;
				MTL_FAST_MATH = YES;
				ONLY_ACTIVE_ARCH = YES;
				SDKROOT = iphoneos;
				SWIFT_ACTIVE_COMPILATION_CONDITIONS = DEBUG;
				SWIFT_OPTIMIZATION_LEVEL = "-Onone";
			};
			name = Debug;
		};
		830BD15A26EBF04A0032A65E /* Release */ = {
			isa = XCBuildConfiguration;
			buildSettings = {
				ALWAYS_SEARCH_USER_PATHS = NO;
				CLANG_ANALYZER_NONNULL = YES;
				CLANG_ANALYZER_NUMBER_OBJECT_CONVERSION = YES_AGGRESSIVE;
				CLANG_CXX_LANGUAGE_STANDARD = "gnu++14";
				CLANG_CXX_LIBRARY = "libc++";
				CLANG_ENABLE_MODULES = YES;
				CLANG_ENABLE_OBJC_ARC = YES;
				CLANG_ENABLE_OBJC_WEAK = YES;
				CLANG_WARN_BLOCK_CAPTURE_AUTORELEASING = YES;
				CLANG_WARN_BOOL_CONVERSION = YES;
				CLANG_WARN_COMMA = YES;
				CLANG_WARN_CONSTANT_CONVERSION = YES;
				CLANG_WARN_DEPRECATED_OBJC_IMPLEMENTATIONS = YES;
				CLANG_WARN_DIRECT_OBJC_ISA_USAGE = YES_ERROR;
				CLANG_WARN_DOCUMENTATION_COMMENTS = YES;
				CLANG_WARN_EMPTY_BODY = YES;
				CLANG_WARN_ENUM_CONVERSION = YES;
				CLANG_WARN_INFINITE_RECURSION = YES;
				CLANG_WARN_INT_CONVERSION = YES;
				CLANG_WARN_NON_LITERAL_NULL_CONVERSION = YES;
				CLANG_WARN_OBJC_IMPLICIT_RETAIN_SELF = YES;
				CLANG_WARN_OBJC_LITERAL_CONVERSION = YES;
				CLANG_WARN_OBJC_ROOT_CLASS = YES_ERROR;
				CLANG_WARN_QUOTED_INCLUDE_IN_FRAMEWORK_HEADER = YES;
				CLANG_WARN_RANGE_LOOP_ANALYSIS = YES;
				CLANG_WARN_STRICT_PROTOTYPES = YES;
				CLANG_WARN_SUSPICIOUS_MOVE = YES;
				CLANG_WARN_UNGUARDED_AVAILABILITY = YES_AGGRESSIVE;
				CLANG_WARN_UNREACHABLE_CODE = YES;
				CLANG_WARN__DUPLICATE_METHOD_MATCH = YES;
				COPY_PHASE_STRIP = NO;
				DEBUG_INFORMATION_FORMAT = "dwarf-with-dsym";
				ENABLE_NS_ASSERTIONS = NO;
				ENABLE_STRICT_OBJC_MSGSEND = YES;
				GCC_C_LANGUAGE_STANDARD = gnu11;
				GCC_NO_COMMON_BLOCKS = YES;
				GCC_WARN_64_TO_32_BIT_CONVERSION = YES;
				GCC_WARN_ABOUT_RETURN_TYPE = YES_ERROR;
				GCC_WARN_UNDECLARED_SELECTOR = YES;
				GCC_WARN_UNINITIALIZED_AUTOS = YES_AGGRESSIVE;
				GCC_WARN_UNUSED_FUNCTION = YES;
				GCC_WARN_UNUSED_VARIABLE = YES;
				IPHONEOS_DEPLOYMENT_TARGET = 14.5;
				MTL_ENABLE_DEBUG_INFO = NO;
				MTL_FAST_MATH = YES;
				SDKROOT = iphoneos;
				SWIFT_COMPILATION_MODE = wholemodule;
				SWIFT_OPTIMIZATION_LEVEL = "-O";
				VALIDATE_PRODUCT = YES;
			};
			name = Release;
		};
		830BD15C26EBF04A0032A65E /* Debug */ = {
			isa = XCBuildConfiguration;
			buildSettings = {
				ASSETCATALOG_COMPILER_APPICON_NAME = AppIcon;
				ASSETCATALOG_COMPILER_GLOBAL_ACCENT_COLOR_NAME = AccentColor;
				CODE_SIGN_STYLE = Automatic;
				DEVELOPMENT_ASSET_PATHS = "\"firestore-demo-spm/Preview Content\"";
				DEVELOPMENT_TEAM = Q53T86P258;
				ENABLE_PREVIEWS = YES;
				INFOPLIST_FILE = "firestore-demo-spm/Info.plist";
				IPHONEOS_DEPLOYMENT_TARGET = 14.0;
				LD_RUNPATH_SEARCH_PATHS = (
					"$(inherited)",
					"@executable_path/Frameworks",
				);
				PRODUCT_BUNDLE_IDENTIFIER = "com.codewithchris.firestore-demo-spm";
				PRODUCT_NAME = "$(TARGET_NAME)";
				SWIFT_VERSION = 5.0;
				TARGETED_DEVICE_FAMILY = "1,2";
			};
			name = Debug;
		};
		830BD15D26EBF04A0032A65E /* Release */ = {
			isa = XCBuildConfiguration;
			buildSettings = {
				ASSETCATALOG_COMPILER_APPICON_NAME = AppIcon;
				ASSETCATALOG_COMPILER_GLOBAL_ACCENT_COLOR_NAME = AccentColor;
				CODE_SIGN_STYLE = Automatic;
				DEVELOPMENT_ASSET_PATHS = "\"firestore-demo-spm/Preview Content\"";
				DEVELOPMENT_TEAM = Q53T86P258;
				ENABLE_PREVIEWS = YES;
				INFOPLIST_FILE = "firestore-demo-spm/Info.plist";
				IPHONEOS_DEPLOYMENT_TARGET = 14.0;
				LD_RUNPATH_SEARCH_PATHS = (
					"$(inherited)",
					"@executable_path/Frameworks",
				);
				PRODUCT_BUNDLE_IDENTIFIER = "com.codewithchris.firestore-demo-spm";
				PRODUCT_NAME = "$(TARGET_NAME)";
				SWIFT_VERSION = 5.0;
				TARGETED_DEVICE_FAMILY = "1,2";
			};
			name = Release;
		};
/* End XCBuildConfiguration section */

/* Begin XCConfigurationList section */
		830BD14726EBF0490032A65E /* Build configuration list for PBXProject "firestore-demo-spm" */ = {
			isa = XCConfigurationList;
			buildConfigurations = (
				830BD15926EBF04A0032A65E /* Debug */,
				830BD15A26EBF04A0032A65E /* Release */,
			);
			defaultConfigurationIsVisible = 0;
			defaultConfigurationName = Release;
		};
		830BD15B26EBF04A0032A65E /* Build configuration list for PBXNativeTarget "firestore-demo-spm" */ = {
			isa = XCConfigurationList;
			buildConfigurations = (
				830BD15C26EBF04A0032A65E /* Debug */,
				830BD15D26EBF04A0032A65E /* Release */,
			);
			defaultConfigurationIsVisible = 0;
			defaultConfigurationName = Release;
		};
/* End XCConfigurationList section */

/* Begin XCRemoteSwiftPackageReference section */
		830BD16026EBF5D00032A65E /* XCRemoteSwiftPackageReference "firebase-ios-sdk" */ = {
			isa = XCRemoteSwiftPackageReference;
			repositoryURL = "https://github.com/firebase/firebase-ios-sdk.git";
			requirement = {
				kind = upToNextMajorVersion;
				minimumVersion = 8.7.0;
			};
		};
/* End XCRemoteSwiftPackageReference section */

/* Begin XCSwiftPackageProductDependency section */
		830BD16126EBF5D00032A65E /* FirebaseFirestore */ = {
			isa = XCSwiftPackageProductDependency;
			package = 830BD16026EBF5D00032A65E /* XCRemoteSwiftPackageReference "firebase-ios-sdk" */;
			productName = FirebaseFirestore;
		};
/* End XCSwiftPackageProductDependency section */
	};
	rootObject = 830BD14426EBF0490032A65E /* Project object */;
}
